
Microsoft Visual Studio Solution File, Format Version 12.00
# Visual Studio Version 17
VisualStudioVersion = 17.0.31903.59
MinimumVisualStudioVersion = 10.0.40219.1
Project("{2150E333-8FDC-42A3-9474-1A3956D46DE8}") = "src", "src", "{4E0064F5-746F-49E6-AD7B-A5F0A3549040}"
EndProject
Project("{2150E333-8FDC-42A3-9474-1A3956D46DE8}") = "General-Motors", "General-Motors", "{40A1CDA0-0A60-47C3-AD9B-6B97E0EB4DDE}"
EndProject
Project("{2150E333-8FDC-42A3-9474-1A3956D46DE8}") = "Rivendell-GameClub", "Rivendell-GameClub", "{FC6CE456-D343-46DE-811E-7C148909B36C}"
EndProject
Project("{2150E333-8FDC-42A3-9474-1A3956D46DE8}") = "Yandex-Eats", "Yandex-Eats", "{5D1F3DFD-9102-4635-9C52-707C703FB53B}"
EndProject
Project("{9A19103F-16F7-4668-BE54-9A1E7A4F7556}") = "General-Motors.API", "src\General-Motors\General-Motors.API\General-Motors.API.csproj", "{86FE1233-1541-450C-92EF-A36E76FBD362}"
EndProject
Project("{9A19103F-16F7-4668-BE54-9A1E7A4F7556}") = "General-Motors.Application", "src\General-Motors\General-Motors.Application\General-Motors.Application.csproj", "{4079A241-E8EA-4289-8683-2B0E66DE62D0}"
EndProject
Project("{9A19103F-16F7-4668-BE54-9A1E7A4F7556}") = "General-Motors.Domain", "src\General-Motors\General-Motors.Domain\General-Motors.Domain.csproj", "{43C91EC4-EA1F-4755-AC36-B40048844518}"
EndProject
Project("{9A19103F-16F7-4668-BE54-9A1E7A4F7556}") = "General-Motors.Infrastructure", "src\General-Motors\General-Motors.Infrastructure\General-Motors.Infrastructure.csproj", "{5ADFD3A4-8F6D-44FC-B356-1F59B643D737}"
EndProject
Project("{9A19103F-16F7-4668-BE54-9A1E7A4F7556}") = "Yandex-Eats.API", "src\Yandex-Eats\Yandex-Eats.API\Yandex-Eats.API.csproj", "{D607284E-56B1-497B-BEFB-FC462AD23436}"
EndProject
Project("{9A19103F-16F7-4668-BE54-9A1E7A4F7556}") = "Yandex-Eats.Application", "src\Yandex-Eats\Yandex-Eats.Application\Yandex-Eats.Application.csproj", "{E5CD0EFB-FC09-440E-894A-D54FC99041D7}"
EndProject
Project("{9A19103F-16F7-4668-BE54-9A1E7A4F7556}") = "Yandex-Eats.Domain", "src\Yandex-Eats\Yandex-Eats.Domain\Yandex-Eats.Domain.csproj", "{B286688E-A820-48B7-9BB6-34D3F09FEDD9}"
EndProject
Project("{9A19103F-16F7-4668-BE54-9A1E7A4F7556}") = "Gateway-Microservie", "Gateway-Microservie\Gateway-Microservie.csproj", "{C5C13398-940E-49F1-BD92-8892A442D51B}"
EndProject
Project("{E53339B2-1760-4266-BCC7-CA923CBCF16C}") = "docker-compose", "docker-compose.dcproj", "{6B2BAC9B-58D0-4069-9C50-C2E1F8CB8CA3}"
EndProject
Project("{2150E333-8FDC-42A3-9474-1A3956D46DE8}") = "ITF", "ITF", "{491D792C-D65E-448B-B31D-F2F81FFEDA49}"
EndProject
Project("{9A19103F-16F7-4668-BE54-9A1E7A4F7556}") = "Yandex-Eats.Infrastructure", "src\Yandex-Eats\Yandex-Eats.Infrastructure\Yandex-Eats.Infrastructure.csproj", "{526CB797-483E-4131-9800-12DE250E2188}"
EndProject
Project("{9A19103F-16F7-4668-BE54-9A1E7A4F7556}") = "Authorization.API", "src\Authorization.API\Authorization.API.csproj", "{B55B4A38-5E8B-4C2F-B185-8C2953BAC097}"
EndProject
Project("{FAE04EC0-301F-11D3-BF4B-00C04F79EFBC}") = "Rivendell-GameClub.API", "src\Rivendell-GameClub\Rivendell-GameClub.API\Rivendell-GameClub.API.csproj", "{AE244936-E36C-409D-8BE9-26128337BE9F}"
EndProject
Project("{FAE04EC0-301F-11D3-BF4B-00C04F79EFBC}") = "Rivendell-GameClub.Application", "src\Rivendell-GameClub\Rivendell-GameClub.Application\Rivendell-GameClub.Application.csproj", "{CCC63B5E-2868-41B4-95B1-5865B940C26D}"
EndProject
Project("{FAE04EC0-301F-11D3-BF4B-00C04F79EFBC}") = "Rivendell-GameClub.Domain", "src\Rivendell-GameClub\Rivendell-GameClub.Domain\Rivendell-GameClub.Domain.csproj", "{CE12E350-382F-471F-A77A-3F6DAAA3C2D0}"
EndProject
Project("{FAE04EC0-301F-11D3-BF4B-00C04F79EFBC}") = "Rivendell-GameClub.Infrastructure", "src\Rivendell-GameClub\Rivendell-GameClub.Infrastructure\Rivendell-GameClub.Infrastructure.csproj", "{DB9AFE0F-D747-43F8-AEC3-E2457568DBD0}"
EndProject
Global
	GlobalSection(SolutionConfigurationPlatforms) = preSolution
		Debug|Any CPU = Debug|Any CPU
		Release|Any CPU = Release|Any CPU
	EndGlobalSection
	GlobalSection(ProjectConfigurationPlatforms) = postSolution
		{86FE1233-1541-450C-92EF-A36E76FBD362}.Debug|Any CPU.ActiveCfg = Debug|Any CPU
		{86FE1233-1541-450C-92EF-A36E76FBD362}.Debug|Any CPU.Build.0 = Debug|Any CPU
		{86FE1233-1541-450C-92EF-A36E76FBD362}.Release|Any CPU.ActiveCfg = Release|Any CPU
		{86FE1233-1541-450C-92EF-A36E76FBD362}.Release|Any CPU.Build.0 = Release|Any CPU
		{4079A241-E8EA-4289-8683-2B0E66DE62D0}.Debug|Any CPU.ActiveCfg = Debug|Any CPU
		{4079A241-E8EA-4289-8683-2B0E66DE62D0}.Debug|Any CPU.Build.0 = Debug|Any CPU
		{4079A241-E8EA-4289-8683-2B0E66DE62D0}.Release|Any CPU.ActiveCfg = Release|Any CPU
		{4079A241-E8EA-4289-8683-2B0E66DE62D0}.Release|Any CPU.Build.0 = Release|Any CPU
		{43C91EC4-EA1F-4755-AC36-B40048844518}.Debug|Any CPU.ActiveCfg = Debug|Any CPU
		{43C91EC4-EA1F-4755-AC36-B40048844518}.Debug|Any CPU.Build.0 = Debug|Any CPU
		{43C91EC4-EA1F-4755-AC36-B40048844518}.Release|Any CPU.ActiveCfg = Release|Any CPU
		{43C91EC4-EA1F-4755-AC36-B40048844518}.Release|Any CPU.Build.0 = Release|Any CPU
		{5ADFD3A4-8F6D-44FC-B356-1F59B643D737}.Debug|Any CPU.ActiveCfg = Debug|Any CPU
		{5ADFD3A4-8F6D-44FC-B356-1F59B643D737}.Debug|Any CPU.Build.0 = Debug|Any CPU
		{5ADFD3A4-8F6D-44FC-B356-1F59B643D737}.Release|Any CPU.ActiveCfg = Release|Any CPU
		{5ADFD3A4-8F6D-44FC-B356-1F59B643D737}.Release|Any CPU.Build.0 = Release|Any CPU
		{D607284E-56B1-497B-BEFB-FC462AD23436}.Debug|Any CPU.ActiveCfg = Debug|Any CPU
		{D607284E-56B1-497B-BEFB-FC462AD23436}.Debug|Any CPU.Build.0 = Debug|Any CPU
		{D607284E-56B1-497B-BEFB-FC462AD23436}.Release|Any CPU.ActiveCfg = Release|Any CPU
		{D607284E-56B1-497B-BEFB-FC462AD23436}.Release|Any CPU.Build.0 = Release|Any CPU
		{E5CD0EFB-FC09-440E-894A-D54FC99041D7}.Debug|Any CPU.ActiveCfg = Debug|Any CPU
		{E5CD0EFB-FC09-440E-894A-D54FC99041D7}.Debug|Any CPU.Build.0 = Debug|Any CPU
		{E5CD0EFB-FC09-440E-894A-D54FC99041D7}.Release|Any CPU.ActiveCfg = Release|Any CPU
		{E5CD0EFB-FC09-440E-894A-D54FC99041D7}.Release|Any CPU.Build.0 = Release|Any CPU
		{B286688E-A820-48B7-9BB6-34D3F09FEDD9}.Debug|Any CPU.ActiveCfg = Debug|Any CPU
		{B286688E-A820-48B7-9BB6-34D3F09FEDD9}.Debug|Any CPU.Build.0 = Debug|Any CPU
		{B286688E-A820-48B7-9BB6-34D3F09FEDD9}.Release|Any CPU.ActiveCfg = Release|Any CPU
		{B286688E-A820-48B7-9BB6-34D3F09FEDD9}.Release|Any CPU.Build.0 = Release|Any CPU
		{C5C13398-940E-49F1-BD92-8892A442D51B}.Debug|Any CPU.ActiveCfg = Debug|Any CPU
		{C5C13398-940E-49F1-BD92-8892A442D51B}.Debug|Any CPU.Build.0 = Debug|Any CPU
		{C5C13398-940E-49F1-BD92-8892A442D51B}.Release|Any CPU.ActiveCfg = Release|Any CPU
		{C5C13398-940E-49F1-BD92-8892A442D51B}.Release|Any CPU.Build.0 = Release|Any CPU
		{6B2BAC9B-58D0-4069-9C50-C2E1F8CB8CA3}.Debug|Any CPU.ActiveCfg = Debug|Any CPU
		{6B2BAC9B-58D0-4069-9C50-C2E1F8CB8CA3}.Debug|Any CPU.Build.0 = Debug|Any CPU
		{6B2BAC9B-58D0-4069-9C50-C2E1F8CB8CA3}.Release|Any CPU.ActiveCfg = Release|Any CPU
		{6B2BAC9B-58D0-4069-9C50-C2E1F8CB8CA3}.Release|Any CPU.Build.0 = Release|Any CPU
		{526CB797-483E-4131-9800-12DE250E2188}.Debug|Any CPU.ActiveCfg = Debug|Any CPU
		{526CB797-483E-4131-9800-12DE250E2188}.Debug|Any CPU.Build.0 = Debug|Any CPU
		{526CB797-483E-4131-9800-12DE250E2188}.Release|Any CPU.ActiveCfg = Release|Any CPU
		{526CB797-483E-4131-9800-12DE250E2188}.Release|Any CPU.Build.0 = Release|Any CPU
		{B55B4A38-5E8B-4C2F-B185-8C2953BAC097}.Debug|Any CPU.ActiveCfg = Debug|Any CPU
		{B55B4A38-5E8B-4C2F-B185-8C2953BAC097}.Debug|Any CPU.Build.0 = Debug|Any CPU
		{B55B4A38-5E8B-4C2F-B185-8C2953BAC097}.Release|Any CPU.ActiveCfg = Release|Any CPU
		{B55B4A38-5E8B-4C2F-B185-8C2953BAC097}.Release|Any CPU.Build.0 = Release|Any CPU
		{AE244936-E36C-409D-8BE9-26128337BE9F}.Debug|Any CPU.ActiveCfg = Debug|Any CPU
		{AE244936-E36C-409D-8BE9-26128337BE9F}.Debug|Any CPU.Build.0 = Debug|Any CPU
		{AE244936-E36C-409D-8BE9-26128337BE9F}.Release|Any CPU.ActiveCfg = Release|Any CPU
		{AE244936-E36C-409D-8BE9-26128337BE9F}.Release|Any CPU.Build.0 = Release|Any CPU
		{CCC63B5E-2868-41B4-95B1-5865B940C26D}.Debug|Any CPU.ActiveCfg = Debug|Any CPU
		{CCC63B5E-2868-41B4-95B1-5865B940C26D}.Debug|Any CPU.Build.0 = Debug|Any CPU
		{CCC63B5E-2868-41B4-95B1-5865B940C26D}.Release|Any CPU.ActiveCfg = Release|Any CPU
		{CCC63B5E-2868-41B4-95B1-5865B940C26D}.Release|Any CPU.Build.0 = Release|Any CPU
		{CE12E350-382F-471F-A77A-3F6DAAA3C2D0}.Debug|Any CPU.ActiveCfg = Debug|Any CPU
		{CE12E350-382F-471F-A77A-3F6DAAA3C2D0}.Debug|Any CPU.Build.0 = Debug|Any CPU
		{CE12E350-382F-471F-A77A-3F6DAAA3C2D0}.Release|Any CPU.ActiveCfg = Release|Any CPU
		{CE12E350-382F-471F-A77A-3F6DAAA3C2D0}.Release|Any CPU.Build.0 = Release|Any CPU
		{DB9AFE0F-D747-43F8-AEC3-E2457568DBD0}.Debug|Any CPU.ActiveCfg = Debug|Any CPU
		{DB9AFE0F-D747-43F8-AEC3-E2457568DBD0}.Debug|Any CPU.Build.0 = Debug|Any CPU
		{DB9AFE0F-D747-43F8-AEC3-E2457568DBD0}.Release|Any CPU.ActiveCfg = Release|Any CPU
		{DB9AFE0F-D747-43F8-AEC3-E2457568DBD0}.Release|Any CPU.Build.0 = Release|Any CPU
	EndGlobalSection
	GlobalSection(SolutionProperties) = preSolution
		HideSolutionNode = FALSE
	EndGlobalSection
	GlobalSection(NestedProjects) = preSolution
		{40A1CDA0-0A60-47C3-AD9B-6B97E0EB4DDE} = {4E0064F5-746F-49E6-AD7B-A5F0A3549040}
		{FC6CE456-D343-46DE-811E-7C148909B36C} = {4E0064F5-746F-49E6-AD7B-A5F0A3549040}
		{5D1F3DFD-9102-4635-9C52-707C703FB53B} = {4E0064F5-746F-49E6-AD7B-A5F0A3549040}
		{86FE1233-1541-450C-92EF-A36E76FBD362} = {40A1CDA0-0A60-47C3-AD9B-6B97E0EB4DDE}
		{4079A241-E8EA-4289-8683-2B0E66DE62D0} = {40A1CDA0-0A60-47C3-AD9B-6B97E0EB4DDE}
		{43C91EC4-EA1F-4755-AC36-B40048844518} = {40A1CDA0-0A60-47C3-AD9B-6B97E0EB4DDE}
		{5ADFD3A4-8F6D-44FC-B356-1F59B643D737} = {40A1CDA0-0A60-47C3-AD9B-6B97E0EB4DDE}
		{D607284E-56B1-497B-BEFB-FC462AD23436} = {5D1F3DFD-9102-4635-9C52-707C703FB53B}
		{E5CD0EFB-FC09-440E-894A-D54FC99041D7} = {5D1F3DFD-9102-4635-9C52-707C703FB53B}
		{B286688E-A820-48B7-9BB6-34D3F09FEDD9} = {5D1F3DFD-9102-4635-9C52-707C703FB53B}
		{491D792C-D65E-448B-B31D-F2F81FFEDA49} = {4E0064F5-746F-49E6-AD7B-A5F0A3549040}
		{526CB797-483E-4131-9800-12DE250E2188} = {5D1F3DFD-9102-4635-9C52-707C703FB53B}
		{B55B4A38-5E8B-4C2F-B185-8C2953BAC097} = {4E0064F5-746F-49E6-AD7B-A5F0A3549040}
		{AE244936-E36C-409D-8BE9-26128337BE9F} = {FC6CE456-D343-46DE-811E-7C148909B36C}
		{CCC63B5E-2868-41B4-95B1-5865B940C26D} = {FC6CE456-D343-46DE-811E-7C148909B36C}
		{CE12E350-382F-471F-A77A-3F6DAAA3C2D0} = {FC6CE456-D343-46DE-811E-7C148909B36C}
		{DB9AFE0F-D747-43F8-AEC3-E2457568DBD0} = {FC6CE456-D343-46DE-811E-7C148909B36C}
	EndGlobalSection
	GlobalSection(ExtensibilityGlobals) = postSolution
		SolutionGuid = {D3A90537-E806-42C0-A1EF-EB55B3B73AD4}
	EndGlobalSection
EndGlobal
